
Microsoft Visual Studio Solution File, Format Version 12.00
# Visual Studio Version 16
VisualStudioVersion = 16.0.32228.343
MinimumVisualStudioVersion = 10.0.40219.1
Project("{FAE04EC0-301F-11D3-BF4B-00C04F79EFBC}") = "JokesWebApp", "JokesWebApp\JokesWebApp.csproj", "{77B84A2F-9233-4046-8E9C-BBE4C9F4C092}"
EndProject
Global
	GlobalSection(SolutionConfigurationPlatforms) = preSolution
		Debug|Any CPU = Debug|Any CPU
		Release|Any CPU = Release|Any CPU
	EndGlobalSection
	GlobalSection(ProjectConfigurationPlatforms) = postSolution
		{77B84A2F-9233-4046-8E9C-BBE4C9F4C092}.Debug|Any CPU.ActiveCfg = Debug|Any CPU
		{77B84A2F-9233-4046-8E9C-BBE4C9F4C092}.Debug|Any CPU.Build.0 = Debug|Any CPU
		{77B84A2F-9233-4046-8E9C-BBE4C9F4C092}.Release|Any CPU.ActiveCfg = Release|Any CPU
		{77B84A2F-9233-4046-8E9C-BBE4C9F4C092}.Release|Any CPU.Build.0 = Release|Any CPU
	EndGlobalSection
	GlobalSection(SolutionProperties) = preSolution
		HideSolutionNode = FALSE
	EndGlobalSection
	GlobalSection(ExtensibilityGlobals) = postSolution
		SolutionGuid = {40FE00FA-1599-48C2-8D2C-5ED300D6BC6B}
	EndGlobalSection
EndGlobal
